
Microsoft Visual Studio Solution File, Format Version 12.00
# Visual Studio Version 17
VisualStudioVersion = 17.11.35222.181
MinimumVisualStudioVersion = 10.0.40219.1
Project("{9A19103F-16F7-4668-BE54-9A1E7A4F7556}") = "BusinessCardAPI", "BusinessCardAPI\BusinessCardAPI.csproj", "{6966519E-69C8-46A5-8285-43BA3091FF7D}"
EndProject
Project("{9A19103F-16F7-4668-BE54-9A1E7A4F7556}") = "BusinessCard.Core", "BusinessCard.Core\BusinessCard.Core.csproj", "{513987FC-6604-4E13-98A1-B7AD600BE031}"
EndProject
Project("{9A19103F-16F7-4668-BE54-9A1E7A4F7556}") = "BusinessCard.Infra", "BusinessCard.Infra\BusinessCard.Infra.csproj", "{326A0944-FC5D-42FA-A088-140764280056}"


EndProject
Project("{2150E333-8FDC-42A3-9474-1A3956D46DE8}") = "test", "test", "{8B7DF68D-8EFF-4858-8019-EF92CB53D675}"
EndProject
Project("{FAE04EC0-301F-11D3-BF4B-00C04F79EFBC}") = "BusinessCardAPIUnitTest", "BusinessCardAPIUnitTest\BusinessCardAPIUnitTest.csproj", "{B133E2EE-C2D3-48B1-8195-9D48578DC005}"

EndProject
Global
	GlobalSection(SolutionConfigurationPlatforms) = preSolution
		Debug|Any CPU = Debug|Any CPU
		Release|Any CPU = Release|Any CPU
	EndGlobalSection
	GlobalSection(ProjectConfigurationPlatforms) = postSolution
		{6966519E-69C8-46A5-8285-43BA3091FF7D}.Debug|Any CPU.ActiveCfg = Debug|Any CPU
		{6966519E-69C8-46A5-8285-43BA3091FF7D}.Debug|Any CPU.Build.0 = Debug|Any CPU
		{6966519E-69C8-46A5-8285-43BA3091FF7D}.Release|Any CPU.ActiveCfg = Release|Any CPU
		{6966519E-69C8-46A5-8285-43BA3091FF7D}.Release|Any CPU.Build.0 = Release|Any CPU
		{513987FC-6604-4E13-98A1-B7AD600BE031}.Debug|Any CPU.ActiveCfg = Debug|Any CPU
		{513987FC-6604-4E13-98A1-B7AD600BE031}.Debug|Any CPU.Build.0 = Debug|Any CPU
		{513987FC-6604-4E13-98A1-B7AD600BE031}.Release|Any CPU.ActiveCfg = Release|Any CPU
		{513987FC-6604-4E13-98A1-B7AD600BE031}.Release|Any CPU.Build.0 = Release|Any CPU
		{326A0944-FC5D-42FA-A088-140764280056}.Debug|Any CPU.ActiveCfg = Debug|Any CPU
		{326A0944-FC5D-42FA-A088-140764280056}.Debug|Any CPU.Build.0 = Debug|Any CPU
		{326A0944-FC5D-42FA-A088-140764280056}.Release|Any CPU.ActiveCfg = Release|Any CPU
		{326A0944-FC5D-42FA-A088-140764280056}.Release|Any CPU.Build.0 = Release|Any CPU
		{B133E2EE-C2D3-48B1-8195-9D48578DC005}.Debug|Any CPU.ActiveCfg = Debug|Any CPU
		{B133E2EE-C2D3-48B1-8195-9D48578DC005}.Debug|Any CPU.Build.0 = Debug|Any CPU
		{B133E2EE-C2D3-48B1-8195-9D48578DC005}.Release|Any CPU.ActiveCfg = Release|Any CPU
		{B133E2EE-C2D3-48B1-8195-9D48578DC005}.Release|Any CPU.Build.0 = Release|Any CPU
	EndGlobalSection
	GlobalSection(SolutionProperties) = preSolution
		HideSolutionNode = FALSE
	EndGlobalSection
	GlobalSection(NestedProjects) = preSolution
		{B133E2EE-C2D3-48B1-8195-9D48578DC005} = {8B7DF68D-8EFF-4858-8019-EF92CB53D675}
	EndGlobalSection
	GlobalSection(ExtensibilityGlobals) = postSolution
		SolutionGuid = {CF3D0AC7-6C99-45DA-B508-08CE8E246475}
	EndGlobalSection
EndGlobal
